// !$*UTF8*$!
{
	archiveVersion = 1;
	classes = {
	};
	objectVersion = 46;
	objects = {

/* Begin PBXBuildFile section */
		AB87B9A21C1358E900CFC95F /* AppearanceManager.swift in Sources */ = {isa = PBXBuildFile; fileRef = AB87B9A11C1358E900CFC95F /* AppearanceManager.swift */; };
		ABF3F5641C651DBE000AB856 /* Alamofire.framework in Frameworks */ = {isa = PBXBuildFile; fileRef = ABF3F5601C651D84000AB856 /* Alamofire.framework */; };
		ABF3F5651C651DBE000AB856 /* Alamofire.framework in Embed Frameworks */ = {isa = PBXBuildFile; fileRef = ABF3F5601C651D84000AB856 /* Alamofire.framework */; settings = {ATTRIBUTES = (CodeSignOnCopy, RemoveHeadersOnCopy, ); }; };
		ABF3F56A1C651FC1000AB856 /* FoodMobDataSource.swift in Sources */ = {isa = PBXBuildFile; fileRef = ABF3F5691C651FC1000AB856 /* FoodMobDataSource.swift */; };
		ABF3F56D1C652174000AB856 /* User.swift in Sources */ = {isa = PBXBuildFile; fileRef = ABF3F56C1C652174000AB856 /* User.swift */; };
		ABF3F56F1C6523F2000AB856 /* SwiftyJSON.framework in Frameworks */ = {isa = PBXBuildFile; fileRef = ABF3F56E1C6523F2000AB856 /* SwiftyJSON.framework */; };
		ABF3F5711C6523FB000AB856 /* SwiftyJSON.framework in Embed Frameworks */ = {isa = PBXBuildFile; fileRef = ABF3F56E1C6523F2000AB856 /* SwiftyJSON.framework */; settings = {ATTRIBUTES = (CodeSignOnCopy, RemoveHeadersOnCopy, ); }; };
		ABF3F5731C65249F000AB856 /* MockDataSource.swift in Sources */ = {isa = PBXBuildFile; fileRef = ABF3F5721C65249F000AB856 /* MockDataSource.swift */; };
		ABF3F5751C65255A000AB856 /* FoodMobService.swift in Sources */ = {isa = PBXBuildFile; fileRef = ABF3F5741C65255A000AB856 /* FoodMobService.swift */; };
		ABF3F5781C652629000AB856 /* LoginViewController.swift in Sources */ = {isa = PBXBuildFile; fileRef = ABF3F5771C652629000AB856 /* LoginViewController.swift */; };
		ABF3F57A1C656A29000AB856 /* Endpoint.swift in Sources */ = {isa = PBXBuildFile; fileRef = ABF3F5791C656A29000AB856 /* Endpoint.swift */; };
		ABFCB69B1C038F3300ED33BE /* AppDelegate.swift in Sources */ = {isa = PBXBuildFile; fileRef = ABFCB69A1C038F3300ED33BE /* AppDelegate.swift */; };
		ABFCB69D1C038F3300ED33BE /* FirstViewController.swift in Sources */ = {isa = PBXBuildFile; fileRef = ABFCB69C1C038F3300ED33BE /* FirstViewController.swift */; };
		ABFCB69F1C038F3300ED33BE /* SecondViewController.swift in Sources */ = {isa = PBXBuildFile; fileRef = ABFCB69E1C038F3300ED33BE /* SecondViewController.swift */; };
		ABFCB6A21C038F3300ED33BE /* Main.storyboard in Resources */ = {isa = PBXBuildFile; fileRef = ABFCB6A01C038F3300ED33BE /* Main.storyboard */; };
		ABFCB6A41C038F3300ED33BE /* Assets.xcassets in Resources */ = {isa = PBXBuildFile; fileRef = ABFCB6A31C038F3300ED33BE /* Assets.xcassets */; };
		ABFCB6A71C038F3300ED33BE /* LaunchScreen.storyboard in Resources */ = {isa = PBXBuildFile; fileRef = ABFCB6A51C038F3300ED33BE /* LaunchScreen.storyboard */; };
/* End PBXBuildFile section */

/* Begin PBXCopyFilesBuildPhase section */
		ABF3F5661C651DBE000AB856 /* Embed Frameworks */ = {
			isa = PBXCopyFilesBuildPhase;
			buildActionMask = 2147483647;
			dstPath = "";
			dstSubfolderSpec = 10;
			files = (
				ABF3F5711C6523FB000AB856 /* SwiftyJSON.framework in Embed Frameworks */,
				ABF3F5651C651DBE000AB856 /* Alamofire.framework in Embed Frameworks */,
			);
			name = "Embed Frameworks";
			runOnlyForDeploymentPostprocessing = 0;
		};
/* End PBXCopyFilesBuildPhase section */

/* Begin PBXFileReference section */
		AB87B9A11C1358E900CFC95F /* AppearanceManager.swift */ = {isa = PBXFileReference; fileEncoding = 4; lastKnownFileType = sourcecode.swift; path = AppearanceManager.swift; sourceTree = "<group>"; };
		ABF3F5601C651D84000AB856 /* Alamofire.framework */ = {isa = PBXFileReference; lastKnownFileType = wrapper.framework; name = Alamofire.framework; path = ../Carthage/Build/iOS/Alamofire.framework; sourceTree = "<group>"; };
		ABF3F5691C651FC1000AB856 /* FoodMobDataSource.swift */ = {isa = PBXFileReference; fileEncoding = 4; lastKnownFileType = sourcecode.swift; name = FoodMobDataSource.swift; path = Networking/FoodMobDataSource.swift; sourceTree = "<group>"; };
		ABF3F56C1C652174000AB856 /* User.swift */ = {isa = PBXFileReference; fileEncoding = 4; lastKnownFileType = sourcecode.swift; name = User.swift; path = Model/User.swift; sourceTree = "<group>"; };
		ABF3F56E1C6523F2000AB856 /* SwiftyJSON.framework */ = {isa = PBXFileReference; lastKnownFileType = wrapper.framework; name = SwiftyJSON.framework; path = Carthage/Build/iOS/SwiftyJSON.framework; sourceTree = SOURCE_ROOT; };
		ABF3F5721C65249F000AB856 /* MockDataSource.swift */ = {isa = PBXFileReference; fileEncoding = 4; lastKnownFileType = sourcecode.swift; name = MockDataSource.swift; path = Networking/MockDataSource.swift; sourceTree = "<group>"; };
		ABF3F5741C65255A000AB856 /* FoodMobService.swift */ = {isa = PBXFileReference; fileEncoding = 4; lastKnownFileType = sourcecode.swift; name = FoodMobService.swift; path = Networking/FoodMobService.swift; sourceTree = "<group>"; };
		ABF3F5771C652629000AB856 /* LoginViewController.swift */ = {isa = PBXFileReference; fileEncoding = 4; lastKnownFileType = sourcecode.swift; name = LoginViewController.swift; path = ViewControllers/LoginViewController.swift; sourceTree = "<group>"; };
		ABF3F5791C656A29000AB856 /* Endpoint.swift */ = {isa = PBXFileReference; fileEncoding = 4; lastKnownFileType = sourcecode.swift; name = Endpoint.swift; path = Networking/Endpoint.swift; sourceTree = "<group>"; };
		ABFCB6971C038F3300ED33BE /* FoodMob.app */ = {isa = PBXFileReference; explicitFileType = wrapper.application; includeInIndex = 0; path = FoodMob.app; sourceTree = BUILT_PRODUCTS_DIR; };
		ABFCB69A1C038F3300ED33BE /* AppDelegate.swift */ = {isa = PBXFileReference; lastKnownFileType = sourcecode.swift; path = AppDelegate.swift; sourceTree = "<group>"; };
		ABFCB69C1C038F3300ED33BE /* FirstViewController.swift */ = {isa = PBXFileReference; lastKnownFileType = sourcecode.swift; path = FirstViewController.swift; sourceTree = "<group>"; };
		ABFCB69E1C038F3300ED33BE /* SecondViewController.swift */ = {isa = PBXFileReference; lastKnownFileType = sourcecode.swift; path = SecondViewController.swift; sourceTree = "<group>"; };
		ABFCB6A11C038F3300ED33BE /* Base */ = {isa = PBXFileReference; lastKnownFileType = file.storyboard; name = Base; path = Base.lproj/Main.storyboard; sourceTree = "<group>"; };
		ABFCB6A31C038F3300ED33BE /* Assets.xcassets */ = {isa = PBXFileReference; lastKnownFileType = folder.assetcatalog; path = Assets.xcassets; sourceTree = "<group>"; };
		ABFCB6A61C038F3300ED33BE /* Base */ = {isa = PBXFileReference; lastKnownFileType = file.storyboard; name = Base; path = Base.lproj/LaunchScreen.storyboard; sourceTree = "<group>"; };
		ABFCB6A81C038F3300ED33BE /* Info.plist */ = {isa = PBXFileReference; lastKnownFileType = text.plist.xml; path = Info.plist; sourceTree = "<group>"; };
/* End PBXFileReference section */

/* Begin PBXFrameworksBuildPhase section */
		ABFCB6941C038F3300ED33BE /* Frameworks */ = {
			isa = PBXFrameworksBuildPhase;
			buildActionMask = 2147483647;
			files = (
				ABF3F56F1C6523F2000AB856 /* SwiftyJSON.framework in Frameworks */,
				ABF3F5641C651DBE000AB856 /* Alamofire.framework in Frameworks */,
			);
			runOnlyForDeploymentPostprocessing = 0;
		};
/* End PBXFrameworksBuildPhase section */

/* Begin PBXGroup section */
		ABF3F5671C651E19000AB856 /* Frameworks */ = {
			isa = PBXGroup;
			children = (
				ABF3F5601C651D84000AB856 /* Alamofire.framework */,
				ABF3F56E1C6523F2000AB856 /* SwiftyJSON.framework */,
			);
			name = Frameworks;
			path = FoodMob;
			sourceTree = "<group>";
		};
		ABF3F5681C651F83000AB856 /* Networking */ = {
			isa = PBXGroup;
			children = (
				ABF3F5691C651FC1000AB856 /* FoodMobDataSource.swift */,
				ABF3F5721C65249F000AB856 /* MockDataSource.swift */,
				ABF3F5741C65255A000AB856 /* FoodMobService.swift */,
				ABF3F5791C656A29000AB856 /* Endpoint.swift */,
			);
			name = Networking;
			sourceTree = "<group>";
		};
		ABF3F56B1C65209D000AB856 /* Model */ = {
			isa = PBXGroup;
			children = (
				ABF3F56C1C652174000AB856 /* User.swift */,
			);
			name = Model;
			sourceTree = "<group>";
		};
		ABF3F5761C652603000AB856 /* View Controllers */ = {
			isa = PBXGroup;
			children = (
				ABFCB69C1C038F3300ED33BE /* FirstViewController.swift */,
				ABFCB69E1C038F3300ED33BE /* SecondViewController.swift */,
				ABF3F5771C652629000AB856 /* LoginViewController.swift */,
			);
			name = "View Controllers";
			sourceTree = "<group>";
		};
		ABFCB68E1C038F3300ED33BE = {
			isa = PBXGroup;
			children = (
				ABFCB6991C038F3300ED33BE /* FoodMob */,
				ABFCB6981C038F3300ED33BE /* Products */,
				ABF3F5671C651E19000AB856 /* Frameworks */,
			);
			sourceTree = "<group>";
		};
		ABFCB6981C038F3300ED33BE /* Products */ = {
			isa = PBXGroup;
			children = (
				ABFCB6971C038F3300ED33BE /* FoodMob.app */,
			);
			name = Products;
			sourceTree = "<group>";
		};
		ABFCB6991C038F3300ED33BE /* FoodMob */ = {
			isa = PBXGroup;
			children = (
				ABF3F56B1C65209D000AB856 /* Model */,
				ABF3F5681C651F83000AB856 /* Networking */,
				ABFCB69A1C038F3300ED33BE /* AppDelegate.swift */,
				AB87B9A11C1358E900CFC95F /* AppearanceManager.swift */,
				ABF3F5761C652603000AB856 /* View Controllers */,
				ABFCB6A01C038F3300ED33BE /* Main.storyboard */,
				ABFCB6A31C038F3300ED33BE /* Assets.xcassets */,
				ABFCB6A51C038F3300ED33BE /* LaunchScreen.storyboard */,
				ABFCB6A81C038F3300ED33BE /* Info.plist */,
			);
			path = FoodMob;
			sourceTree = "<group>";
		};
/* End PBXGroup section */

/* Begin PBXNativeTarget section */
		ABFCB6961C038F3300ED33BE /* FoodMob */ = {
			isa = PBXNativeTarget;
			buildConfigurationList = ABFCB6AB1C038F3300ED33BE /* Build configuration list for PBXNativeTarget "FoodMob" */;
			buildPhases = (
				ABFCB6931C038F3300ED33BE /* Sources */,
				ABFCB6941C038F3300ED33BE /* Frameworks */,
				ABFCB6951C038F3300ED33BE /* Resources */,
				ABF3F5661C651DBE000AB856 /* Embed Frameworks */,
			);
			buildRules = (
			);
			dependencies = (
			);
			name = FoodMob;
			productName = "FoodMob-mockup";
			productReference = ABFCB6971C038F3300ED33BE /* FoodMob.app */;
			productType = "com.apple.product-type.application";
		};
/* End PBXNativeTarget section */

/* Begin PBXProject section */
		ABFCB68F1C038F3300ED33BE /* Project object */ = {
			isa = PBXProject;
			attributes = {
				LastSwiftUpdateCheck = 0710;
				LastUpgradeCheck = 0710;
				ORGANIZATIONNAME = "Jonathan Jemson";
				TargetAttributes = {
					ABFCB6961C038F3300ED33BE = {
						CreatedOnToolsVersion = 7.1.1;
					};
				};
			};
			buildConfigurationList = ABFCB6921C038F3300ED33BE /* Build configuration list for PBXProject "FoodMob" */;
			compatibilityVersion = "Xcode 3.2";
			developmentRegion = English;
			hasScannedForEncodings = 0;
			knownRegions = (
				en,
				Base,
			);
			mainGroup = ABFCB68E1C038F3300ED33BE;
			productRefGroup = ABFCB6981C038F3300ED33BE /* Products */;
			projectDirPath = "";
			projectRoot = "";
			targets = (
				ABFCB6961C038F3300ED33BE /* FoodMob */,
			);
		};
/* End PBXProject section */

/* Begin PBXResourcesBuildPhase section */
		ABFCB6951C038F3300ED33BE /* Resources */ = {
			isa = PBXResourcesBuildPhase;
			buildActionMask = 2147483647;
			files = (
				ABFCB6A71C038F3300ED33BE /* LaunchScreen.storyboard in Resources */,
				ABFCB6A41C038F3300ED33BE /* Assets.xcassets in Resources */,
				ABFCB6A21C038F3300ED33BE /* Main.storyboard in Resources */,
			);
			runOnlyForDeploymentPostprocessing = 0;
		};
/* End PBXResourcesBuildPhase section */

/* Begin PBXSourcesBuildPhase section */
		ABFCB6931C038F3300ED33BE /* Sources */ = {
			isa = PBXSourcesBuildPhase;
			buildActionMask = 2147483647;
			files = (
				ABF3F5781C652629000AB856 /* LoginViewController.swift in Sources */,
				ABF3F5751C65255A000AB856 /* FoodMobService.swift in Sources */,
				ABF3F5731C65249F000AB856 /* MockDataSource.swift in Sources */,
				ABFCB69F1C038F3300ED33BE /* SecondViewController.swift in Sources */,
				ABF3F57A1C656A29000AB856 /* Endpoint.swift in Sources */,
				AB87B9A21C1358E900CFC95F /* AppearanceManager.swift in Sources */,
				ABF3F56D1C652174000AB856 /* User.swift in Sources */,
				ABFCB69B1C038F3300ED33BE /* AppDelegate.swift in Sources */,
				ABFCB69D1C038F3300ED33BE /* FirstViewController.swift in Sources */,
				ABF3F56A1C651FC1000AB856 /* FoodMobDataSource.swift in Sources */,
			);
			runOnlyForDeploymentPostprocessing = 0;
		};
/* End PBXSourcesBuildPhase section */

/* Begin PBXVariantGroup section */
		ABFCB6A01C038F3300ED33BE /* Main.storyboard */ = {
			isa = PBXVariantGroup;
			children = (
				ABFCB6A11C038F3300ED33BE /* Base */,
			);
			name = Main.storyboard;
			sourceTree = "<group>";
		};
		ABFCB6A51C038F3300ED33BE /* LaunchScreen.storyboard */ = {
			isa = PBXVariantGroup;
			children = (
				ABFCB6A61C038F3300ED33BE /* Base */,
			);
			name = LaunchScreen.storyboard;
			sourceTree = "<group>";
		};
/* End PBXVariantGroup section */

/* Begin XCBuildConfiguration section */
		ABFCB6A91C038F3300ED33BE /* Debug */ = {
			isa = XCBuildConfiguration;
			buildSettings = {
				ALWAYS_SEARCH_USER_PATHS = NO;
				CLANG_CXX_LANGUAGE_STANDARD = "gnu++0x";
				CLANG_CXX_LIBRARY = "libc++";
				CLANG_ENABLE_MODULES = YES;
				CLANG_ENABLE_OBJC_ARC = YES;
				CLANG_WARN_BOOL_CONVERSION = YES;
				CLANG_WARN_CONSTANT_CONVERSION = YES;
				CLANG_WARN_DIRECT_OBJC_ISA_USAGE = YES_ERROR;
				CLANG_WARN_EMPTY_BODY = YES;
				CLANG_WARN_ENUM_CONVERSION = YES;
				CLANG_WARN_INT_CONVERSION = YES;
				CLANG_WARN_OBJC_ROOT_CLASS = YES_ERROR;
				CLANG_WARN_UNREACHABLE_CODE = YES;
				CLANG_WARN__DUPLICATE_METHOD_MATCH = YES;
				"CODE_SIGN_IDENTITY[sdk=iphoneos*]" = "iPhone Developer";
				COPY_PHASE_STRIP = NO;
				DEBUG_INFORMATION_FORMAT = dwarf;
				ENABLE_STRICT_OBJC_MSGSEND = YES;
				ENABLE_TESTABILITY = YES;
				GCC_C_LANGUAGE_STANDARD = gnu99;
				GCC_DYNAMIC_NO_PIC = NO;
				GCC_NO_COMMON_BLOCKS = YES;
				GCC_OPTIMIZATION_LEVEL = 0;
				GCC_PREPROCESSOR_DEFINITIONS = (
					"DEBUG=1",
					"$(inherited)",
				);
				GCC_WARN_64_TO_32_BIT_CONVERSION = YES;
				GCC_WARN_ABOUT_RETURN_TYPE = YES_ERROR;
				GCC_WARN_UNDECLARED_SELECTOR = YES;
				GCC_WARN_UNINITIALIZED_AUTOS = YES_AGGRESSIVE;
				GCC_WARN_UNUSED_FUNCTION = YES;
				GCC_WARN_UNUSED_VARIABLE = YES;
				IPHONEOS_DEPLOYMENT_TARGET = 9.1;
				MTL_ENABLE_DEBUG_INFO = YES;
				ONLY_ACTIVE_ARCH = YES;
				SDKROOT = iphoneos;
				SWIFT_OPTIMIZATION_LEVEL = "-Onone";
				TARGETED_DEVICE_FAMILY = "1,2";
			};
			name = Debug;
		};
		ABFCB6AA1C038F3300ED33BE /* Release */ = {
			isa = XCBuildConfiguration;
			buildSettings = {
				ALWAYS_SEARCH_USER_PATHS = NO;
				CLANG_CXX_LANGUAGE_STANDARD = "gnu++0x";
				CLANG_CXX_LIBRARY = "libc++";
				CLANG_ENABLE_MODULES = YES;
				CLANG_ENABLE_OBJC_ARC = YES;
				CLANG_WARN_BOOL_CONVERSION = YES;
				CLANG_WARN_CONSTANT_CONVERSION = YES;
				CLANG_WARN_DIRECT_OBJC_ISA_USAGE = YES_ERROR;
				CLANG_WARN_EMPTY_BODY = YES;
				CLANG_WARN_ENUM_CONVERSION = YES;
				CLANG_WARN_INT_CONVERSION = YES;
				CLANG_WARN_OBJC_ROOT_CLASS = YES_ERROR;
				CLANG_WARN_UNREACHABLE_CODE = YES;
				CLANG_WARN__DUPLICATE_METHOD_MATCH = YES;
				"CODE_SIGN_IDENTITY[sdk=iphoneos*]" = "iPhone Developer";
				COPY_PHASE_STRIP = NO;
				DEBUG_INFORMATION_FORMAT = "dwarf-with-dsym";
				ENABLE_NS_ASSERTIONS = NO;
				ENABLE_STRICT_OBJC_MSGSEND = YES;
				GCC_C_LANGUAGE_STANDARD = gnu99;
				GCC_NO_COMMON_BLOCKS = YES;
				GCC_WARN_64_TO_32_BIT_CONVERSION = YES;
				GCC_WARN_ABOUT_RETURN_TYPE = YES_ERROR;
				GCC_WARN_UNDECLARED_SELECTOR = YES;
				GCC_WARN_UNINITIALIZED_AUTOS = YES_AGGRESSIVE;
				GCC_WARN_UNUSED_FUNCTION = YES;
				GCC_WARN_UNUSED_VARIABLE = YES;
				IPHONEOS_DEPLOYMENT_TARGET = 9.1;
				MTL_ENABLE_DEBUG_INFO = NO;
				SDKROOT = iphoneos;
				TARGETED_DEVICE_FAMILY = "1,2";
				VALIDATE_PRODUCT = YES;
			};
			name = Release;
		};
		ABFCB6AC1C038F3300ED33BE /* Debug */ = {
			isa = XCBuildConfiguration;
			buildSettings = {
				ASSETCATALOG_COMPILER_APPICON_NAME = AppIcon;
				FRAMEWORK_SEARCH_PATHS = (
					"$(inherited)",
					"$(PROJECT_DIR)/Carthage/Build/iOS",
				);
				INFOPLIST_FILE = FoodMob/Info.plist;
				LD_RUNPATH_SEARCH_PATHS = "$(inherited) @executable_path/Frameworks";
				PRODUCT_BUNDLE_IDENTIFIER = com.cixocommunications.FoodMob;
				PRODUCT_NAME = FoodMob;
			};
			name = Debug;
		};
		ABFCB6AD1C038F3300ED33BE /* Release */ = {
			isa = XCBuildConfiguration;
			buildSettings = {
				ASSETCATALOG_COMPILER_APPICON_NAME = AppIcon;
				FRAMEWORK_SEARCH_PATHS = (
					"$(inherited)",
					"$(PROJECT_DIR)/Carthage/Build/iOS",
				);
				INFOPLIST_FILE = FoodMob/Info.plist;
				LD_RUNPATH_SEARCH_PATHS = "$(inherited) @executable_path/Frameworks";
				PRODUCT_BUNDLE_IDENTIFIER = com.cixocommunications.FoodMob;
				PRODUCT_NAME = FoodMob;
			};
			name = Release;
		};
/* End XCBuildConfiguration section */

/* Begin XCConfigurationList section */
		ABFCB6921C038F3300ED33BE /* Build configuration list for PBXProject "FoodMob" */ = {
			isa = XCConfigurationList;
			buildConfigurations = (
				ABFCB6A91C038F3300ED33BE /* Debug */,
				ABFCB6AA1C038F3300ED33BE /* Release */,
			);
			defaultConfigurationIsVisible = 0;
			defaultConfigurationName = Release;
		};
		ABFCB6AB1C038F3300ED33BE /* Build configuration list for PBXNativeTarget "FoodMob" */ = {
			isa = XCConfigurationList;
			buildConfigurations = (
				ABFCB6AC1C038F3300ED33BE /* Debug */,
				ABFCB6AD1C038F3300ED33BE /* Release */,
			);
			defaultConfigurationIsVisible = 0;
			defaultConfigurationName = Release;
		};
/* End XCConfigurationList section */
	};
	rootObject = ABFCB68F1C038F3300ED33BE /* Project object */;
}
